github.com/NYTimes/gziphandler v1.1.1 h1:ZUDjpQae29j0ryrS0u/B8HZfJBtBQHjqw2rQ2cqUQ3I=
github.com/NYTimes/gziphandler v1.1.1/go.mod h1:n/CVRwUEOgIxrgPvAQhUUr9oeUtvrhMomdKFjzJNB0c=
github.com/a-h/templ v0.2.598 h1:6jMIHv6wQZvdPxTuv87erW4RqN/FPU0wk7ZHN5wVuuo=
github.com/a-h/templ v0.2.598/go.mod h1:SA7mtYwVEajbIXFRh3vKdYm/4FYyLQAtPH1+KxzGPA8=
github.com/davecgh/go-spew v1.1.0/go.mod h1:J7Y8YcW2NihsgmVo/mv3lAwl/skON4iLHjSsI+c5H38=
github.com/fortytw2/leaktest v1.3.0/go.mod h1:jDsjWgpAGjm2CA7WthBh/CdZYEPF31XHquHwclZch5g=
github.com/mattn/go-sqlite3 v1.14.22 h1:2gZY6PC6kBnID23Tichd1K+Z0oS6nE/XwU+Vz/5o4kU=
github.com/mattn/go-sqlite3 v1.14.22/go.mod h1:Uh1q+B4BYcTPb+yiD3kU8Ct7aC0hY9fxUwlHK0RXw+Y=
github.com/pmezard/go-difflib v1.0.0/go.mod h1:iKH77koFhYxTK1pcRnkKkqfTogsbg7gZNVY4sRDYZ/4=
github.com/stretchr/objx v0.1.0/go.mod h1:HFkY916IF+rwdDfMAkV7OtwuqBVzrE8GR6GFx+wExME=
github.com/stretchr/testify v1.3.0/go.mod h1:M5WIy9Dh21IEIfnGCwXGc5bZfKNJtfHm1UVUgZn+9EI=
github.com/wader/goutubedl v0.0.0-20240306161536-c309f999af46 h1:HbQTck2Sv0c+GNArz7asTKwjUrE7uDJQ4enHEFNxhr8=
github.com/wader/goutubedl v0.0.0-20240306161536-c309f999af46/go.mod h1:5KXd5tImdbmz4JoVhePtbIokCwAfEhUVVx3WLHmjYuw=
github.com/wader/osleaktest v0.0.0-20191111175233-f643b0fed071/go.mod h1:XD6emOFPHVzb0+qQpiNOdPL2XZ0SRUM0N5JHuq6OmXo=
